
Microsoft Visual Studio Solution File, Format Version 12.00
# Visual Studio Version 16
VisualStudioVersion = 16.0.29209.62
MinimumVisualStudioVersion = 10.0.40219.1
Project("{FAE04EC0-301F-11D3-BF4B-00C04F79EFBC}") = "WarehouseManagement", "WarehouseManagement\WarehouseManagement.csproj", "{0D1E2AA3-EB09-465C-A96A-EE3FB8CCB834}"
EndProject
Global
	GlobalSection(SolutionConfigurationPlatforms) = preSolution
		Debug|Any CPU = Debug|Any CPU
		Release|Any CPU = Release|Any CPU
	EndGlobalSection
	GlobalSection(ProjectConfigurationPlatforms) = postSolution
		{0D1E2AA3-EB09-465C-A96A-EE3FB8CCB834}.Debug|Any CPU.ActiveCfg = Debug|Any CPU
		{0D1E2AA3-EB09-465C-A96A-EE3FB8CCB834}.Debug|Any CPU.Build.0 = Debug|Any CPU
		{0D1E2AA3-EB09-465C-A96A-EE3FB8CCB834}.Release|Any CPU.ActiveCfg = Release|Any CPU
		{0D1E2AA3-EB09-465C-A96A-EE3FB8CCB834}.Release|Any CPU.Build.0 = Release|Any CPU
	EndGlobalSection
	GlobalSection(SolutionProperties) = preSolution
		HideSolutionNode = FALSE
	EndGlobalSection
	GlobalSection(ExtensibilityGlobals) = postSolution
		SolutionGuid = {7BE32F1E-FAF6-4299-879D-AACA4E2F5B30}
	EndGlobalSection
EndGlobal
